
Microsoft Visual Studio Solution File, Format Version 12.00
# Visual Studio 15
VisualStudioVersion = 15.0.28307.1145
MinimumVisualStudioVersion = 10.0.40219.1
Project("{FAE04EC0-301F-11D3-BF4B-00C04F79EFBC}") = "little-adventure", "little-adventure\little-adventure.csproj", "{7215314F-C54B-45F6-9CBA-5F581154A2B1}"
EndProject
Global
	GlobalSection(SolutionConfigurationPlatforms) = preSolution
		Debug|Any CPU = Debug|Any CPU
		Release|Any CPU = Release|Any CPU
	EndGlobalSection
	GlobalSection(ProjectConfigurationPlatforms) = postSolution
		{7215314F-C54B-45F6-9CBA-5F581154A2B1}.Debug|Any CPU.ActiveCfg = Debug|Any CPU
		{7215314F-C54B-45F6-9CBA-5F581154A2B1}.Debug|Any CPU.Build.0 = Debug|Any CPU
		{7215314F-C54B-45F6-9CBA-5F581154A2B1}.Release|Any CPU.ActiveCfg = Release|Any CPU
		{7215314F-C54B-45F6-9CBA-5F581154A2B1}.Release|Any CPU.Build.0 = Release|Any CPU
	EndGlobalSection
	GlobalSection(SolutionProperties) = preSolution
		HideSolutionNode = FALSE
	EndGlobalSection
	GlobalSection(ExtensibilityGlobals) = postSolution
		SolutionGuid = {45D0C433-BB6F-4B37-9672-A79B6374FE9E}
	EndGlobalSection
EndGlobal
